{
  "name": "tomake",
  "lockfileVersion": 3,
  "requires": true,
  "packages": {
    "": {
      "devDependencies": {
        "@types/google.accounts": "^0.0.17"
      }
    },
    "node_modules/@types/google.accounts": {
      "version": "0.0.17",
      "resolved": "https://registry.npmjs.org/@types/google.accounts/-/google.accounts-0.0.17.tgz",
      "integrity": "sha512-ZDOmep4Zslca9pFJ7oXgg/DdirGU+tPuWlXRGfIFNqMtBvkEgzktY292O3V03Ul6AA7ye4CDVZlMnd9m1FeIeg==",
      "dev": true,
      "license": "MIT"
    }
  }
}
